
Microsoft Visual Studio Solution File, Format Version 12.00
# Visual Studio Version 16
VisualStudioVersion = 16.0.30413.136
MinimumVisualStudioVersion = 10.0.40219.1
Project("{FAE04EC0-301F-11D3-BF4B-00C04F79EFBC}") = "MarioPartyCompression", "MarioPartyCompression\MarioPartyCompression.csproj", "{516E2B0A-D4DD-48EB-9FCC-6F6CB39BE972}"
EndProject
Project("{FAE04EC0-301F-11D3-BF4B-00C04F79EFBC}") = "MarioPartyTools", "MarioPartyTools\MarioPartyTools.csproj", "{4771F4D4-4068-41F5-8982-6D5970A2DA0F}"
EndProject
Global
	GlobalSection(SolutionConfigurationPlatforms) = preSolution
		Debug|Any CPU = Debug|Any CPU
		Release|Any CPU = Release|Any CPU
	EndGlobalSection
	GlobalSection(ProjectConfigurationPlatforms) = postSolution
		{516E2B0A-D4DD-48EB-9FCC-6F6CB39BE972}.Debug|Any CPU.ActiveCfg = Debug|Any CPU
		{516E2B0A-D4DD-48EB-9FCC-6F6CB39BE972}.Debug|Any CPU.Build.0 = Debug|Any CPU
		{516E2B0A-D4DD-48EB-9FCC-6F6CB39BE972}.Release|Any CPU.ActiveCfg = Release|Any CPU
		{516E2B0A-D4DD-48EB-9FCC-6F6CB39BE972}.Release|Any CPU.Build.0 = Release|Any CPU
		{4771F4D4-4068-41F5-8982-6D5970A2DA0F}.Debug|Any CPU.ActiveCfg = Debug|Any CPU
		{4771F4D4-4068-41F5-8982-6D5970A2DA0F}.Debug|Any CPU.Build.0 = Debug|Any CPU
		{4771F4D4-4068-41F5-8982-6D5970A2DA0F}.Release|Any CPU.ActiveCfg = Release|Any CPU
		{4771F4D4-4068-41F5-8982-6D5970A2DA0F}.Release|Any CPU.Build.0 = Release|Any CPU
	EndGlobalSection
	GlobalSection(SolutionProperties) = preSolution
		HideSolutionNode = FALSE
	EndGlobalSection
	GlobalSection(ExtensibilityGlobals) = postSolution
		SolutionGuid = {A5CF7358-00A3-4D84-A1BF-8B149AB73DF7}
	EndGlobalSection
EndGlobal
