
Microsoft Visual Studio Solution File, Format Version 12.00
# Visual Studio Version 17
VisualStudioVersion = 17.6.33723.286
MinimumVisualStudioVersion = 10.0.40219.1
Project("{9A19103F-16F7-4668-BE54-9A1E7A4F7556}") = "MarioPartyCompression", "MarioPartyCompression\MarioPartyCompression.csproj", "{516E2B0A-D4DD-48EB-9FCC-6F6CB39BE972}"
EndProject
Project("{9A19103F-16F7-4668-BE54-9A1E7A4F7556}") = "MarioPartyTools", "MarioPartyTools\MarioPartyTools.csproj", "{1E72F040-C0BC-4489-8F78-D252D0CEA67B}"
EndProject
Global
	GlobalSection(SolutionConfigurationPlatforms) = preSolution
		Debug|Any CPU = Debug|Any CPU
		Release|Any CPU = Release|Any CPU
	EndGlobalSection
	GlobalSection(ProjectConfigurationPlatforms) = postSolution
		{516E2B0A-D4DD-48EB-9FCC-6F6CB39BE972}.Debug|Any CPU.ActiveCfg = Debug|Any CPU
		{516E2B0A-D4DD-48EB-9FCC-6F6CB39BE972}.Debug|Any CPU.Build.0 = Debug|Any CPU
		{516E2B0A-D4DD-48EB-9FCC-6F6CB39BE972}.Release|Any CPU.ActiveCfg = Release|Any CPU
		{516E2B0A-D4DD-48EB-9FCC-6F6CB39BE972}.Release|Any CPU.Build.0 = Release|Any CPU
		{1E72F040-C0BC-4489-8F78-D252D0CEA67B}.Debug|Any CPU.ActiveCfg = Debug|Any CPU
		{1E72F040-C0BC-4489-8F78-D252D0CEA67B}.Debug|Any CPU.Build.0 = Debug|Any CPU
		{1E72F040-C0BC-4489-8F78-D252D0CEA67B}.Release|Any CPU.ActiveCfg = Release|Any CPU
		{1E72F040-C0BC-4489-8F78-D252D0CEA67B}.Release|Any CPU.Build.0 = Release|Any CPU
	EndGlobalSection
	GlobalSection(SolutionProperties) = preSolution
		HideSolutionNode = FALSE
	EndGlobalSection
	GlobalSection(ExtensibilityGlobals) = postSolution
		SolutionGuid = {A5CF7358-00A3-4D84-A1BF-8B149AB73DF7}
	EndGlobalSection
EndGlobal
